<?xml version="1.0" encoding="utf-8"?>
<Project ToolsVersion="4.0" xmlns="http://schemas.microsoft.com/developer/msbuild/2003">
  <ItemGroup>
    <Filter Include="Source Files">
      <UniqueIdentifier>{4FC737F1-C7A5-4376-A066-2A32D752A2FF}</UniqueIdentifier>
      <Extensions>cpp;c;cc;cxx;def;odl;idl;hpj;bat;asm;asmx</Extensions>
    </Filter>
    <Filter Include="Header Files">
      <UniqueIdentifier>{93995380-89BD-4b04-88EB-625FBE52EBFB}</UniqueIdentifier>
      <Extensions>h;hh;hpp;hxx;hm;inl;inc;ipp;xsd</Extensions>
    </Filter>
    <Filter Include="Resource Files">
      <UniqueIdentifier>{67DA6AB6-F800-4c08-8B7A-83BB121AAD01}</UniqueIdentifier>
      <Extensions>rc;ico;cur;bmp;dlg;rc2;rct;bin;rgs;gif;jpg;jpeg;jpe;resx;tiff;tif;png;wav;mfcribbon-ms</Extensions>
    </Filter>
    <Filter Include="MManager">
      <UniqueIdentifier>{5510724e-a82e-412b-9705-f56bd192fdd8}</UniqueIdentifier>
    </Filter>
    <Filter Include="imgui">
      <UniqueIdentifier>{c3115b18-1586-443b-845b-b04445e592ec}</UniqueIdentifier>
    </Filter>
    <Filter Include="LuaBridge">
      <UniqueIdentifier>{095b09f3-42b4-4b9a-8323-c86a844bb6e5}</UniqueIdentifier>
    </Filter>
    <Filter Include="LuaBridge\detail">
      <UniqueIdentifier>{1ffd8a22-a369-49e5-9d08-871b35b4c660}</UniqueIdentifier>
    </Filter>
    <Filter Include="sdsd">
      <UniqueIdentifier>{02d1e641-c7a0-4e7d-adc1-cdd231d00500}</UniqueIdentifier>
    </Filter>
  </ItemGroup>
  <ItemGroup>
    <ClInclude Include="stdafx.h">
      <Filter>Header Files</Filter>
    </ClInclude>
    <ClInclude Include="targetver.h">
      <Filter>Header Files</Filter>
    </ClInclude>
    <ClInclude Include="MMemory.h">
      <Filter>MManager</Filter>
    </ClInclude>
    <ClInclude Include="Mouse.h">
      <Filter>Header Files</Filter>
    </ClInclude>
    <ClInclude Include="Offsets.h">
      <Filter>Header Files</Filter>
    </ClInclude>
    <ClInclude Include="Globals.h">
      <Filter>Header Files</Filter>
    </ClInclude>
    <ClInclude Include="Functions.h">
      <Filter>Header Files</Filter>
    </ClInclude>
    <ClInclude Include="Orbwalker.h">
      <Filter>Header Files</Filter>
    </ClInclude>
    <ClInclude Include="Overlay.h">
      <Filter>Header Files</Filter>
    </ClInclude>
    <ClInclude Include="imgui\imconfig.h">
      <Filter>imgui</Filter>
    </ClInclude>
    <ClInclude Include="imgui\imgui.h">
      <Filter>imgui</Filter>
    </ClInclude>
    <ClInclude Include="imgui\imgui_impl_dx9.h">
      <Filter>imgui</Filter>
    </ClInclude>
    <ClInclude Include="imgui\imgui_internal.h">
      <Filter>imgui</Filter>
    </ClInclude>
    <ClInclude Include="LuaBridge\List.h">
      <Filter>LuaBridge</Filter>
    </ClInclude>
    <ClInclude Include="LuaBridge\LuaBridge.h">
      <Filter>LuaBridge</Filter>
    </ClInclude>
    <ClInclude Include="LuaBridge\Map.h">
      <Filter>LuaBridge</Filter>
    </ClInclude>
    <ClInclude Include="LuaBridge\RefCountedObject.h">
      <Filter>LuaBridge</Filter>
    </ClInclude>
    <ClInclude Include="LuaBridge\RefCountedPtr.h">
      <Filter>LuaBridge</Filter>
    </ClInclude>
    <ClInclude Include="LuaBridge\UnorderedMap.h">
      <Filter>LuaBridge</Filter>
    </ClInclude>
    <ClInclude Include="LuaBridge\Vector.h">
      <Filter>LuaBridge</Filter>
    </ClInclude>
    <ClInclude Include="LuaBridge\detail\CFunctions.h">
      <Filter>LuaBridge\detail</Filter>
    </ClInclude>
    <ClInclude Include="LuaBridge\detail\ClassInfo.h">
      <Filter>LuaBridge\detail</Filter>
    </ClInclude>
    <ClInclude Include="LuaBridge\detail\Config.h">
      <Filter>LuaBridge\detail</Filter>
    </ClInclude>
    <ClInclude Include="LuaBridge\detail\Constructor.h">
      <Filter>LuaBridge\detail</Filter>
    </ClInclude>
    <ClInclude Include="LuaBridge\detail\dump.h">
      <Filter>LuaBridge\detail</Filter>
    </ClInclude>
    <ClInclude Include="LuaBridge\detail\FuncTraits.h">
      <Filter>LuaBridge\detail</Filter>
    </ClInclude>
    <ClInclude Include="LuaBridge\detail\Iterator.h">
      <Filter>LuaBridge\detail</Filter>
    </ClInclude>
    <ClInclude Include="LuaBridge\detail\LuaException.h">
      <Filter>LuaBridge\detail</Filter>
    </ClInclude>
    <ClInclude Include="LuaBridge\detail\LuaHelpers.h">
      <Filter>LuaBridge\detail</Filter>
    </ClInclude>
    <ClInclude Include="LuaBridge\detail\LuaRef.h">
      <Filter>LuaBridge\detail</Filter>
    </ClInclude>
    <ClInclude Include="LuaBridge\detail\Namespace.h">
      <Filter>LuaBridge\detail</Filter>
    </ClInclude>
    <ClInclude Include="LuaBridge\detail\Security.h">
      <Filter>LuaBridge\detail</Filter>
    </ClInclude>
    <ClInclude Include="LuaBridge\detail\Stack.h">
      <Filter>LuaBridge\detail</Filter>
    </ClInclude>
    <ClInclude Include="LuaBridge\detail\TypeList.h">
      <Filter>LuaBridge\detail</Filter>
    </ClInclude>
    <ClInclude Include="LuaBridge\detail\TypeTraits.h">
      <Filter>LuaBridge\detail</Filter>
    </ClInclude>
    <ClInclude Include="LuaBridge\detail\Userdata.h">
      <Filter>LuaBridge\detail</Filter>
    </ClInclude>
    <ClInclude Include="lua_functions.h">
      <Filter>Header Files</Filter>
    </ClInclude>
    <ClInclude Include="luauser.h">
      <Filter>Header Files</Filter>
    </ClInclude>
    <ClInclude Include="Line3D.h">
      <Filter>Header Files</Filter>
    </ClInclude>
    <ClInclude Include="LineCollision.h">
      <Filter>Header Files</Filter>
    </ClInclude>
    <ClInclude Include="Circle3D.h">
      <Filter>Header Files</Filter>
    </ClInclude>
    <ClInclude Include="CircleCollision.h">
      <Filter>Header Files</Filter>
    </ClInclude>
  </ItemGroup>
  <ItemGroup>
    <ClCompile Include="stdafx.cpp">
      <Filter>Source Files</Filter>
    </ClCompile>
    <ClCompile Include="XuacsInItsWay.cpp">
      <Filter>Source Files</Filter>
    </ClCompile>
    <ClCompile Include="MMemory.cpp">
      <Filter>MManager</Filter>
    </ClCompile>
    <ClCompile Include="Mouse.cpp">
      <Filter>Source Files</Filter>
    </ClCompile>
    <ClCompile Include="Orbwalker.cpp">
      <Filter>Source Files</Filter>
    </ClCompile>
    <ClCompile Include="Globals.cpp">
      <Filter>Source Files</Filter>
    </ClCompile>
    <ClCompile Include="Overlay.cpp">
      <Filter>Source Files</Filter>
    </ClCompile>
    <ClCompile Include="imgui\imgui.cpp">
      <Filter>imgui</Filter>
    </ClCompile>
    <ClCompile Include="imgui\imgui_demo.cpp">
      <Filter>imgui</Filter>
    </ClCompile>
    <ClCompile Include="imgui\imgui_draw.cpp">
      <Filter>imgui</Filter>
    </ClCompile>
    <ClCompile Include="imgui\imgui_impl_dx9.cpp">
      <Filter>imgui</Filter>
    </ClCompile>
    <ClCompile Include="lua_functions.cpp">
      <Filter>Source Files</Filter>
    </ClCompile>
    <ClCompile Include="luauser.c">
      <Filter>Source Files</Filter>
    </ClCompile>
    <ClCompile Include="LineCollision.cpp">
      <Filter>Source Files</Filter>
    </ClCompile>
    <ClCompile Include="CircleCollision.cpp">
      <Filter>Source Files</Filter>
    </ClCompile>
  </ItemGroup>
  <ItemGroup>
    <None Include="imgui\imgui.ini">
      <Filter>imgui</Filter>
    </None>
  </ItemGroup>
  <ItemGroup>
    <ResourceCompile Include="resource.rc">
      <Filter>sdsd</Filter>
    </ResourceCompile>
  </ItemGroup>
</Project>